
Microsoft Visual Studio Solution File, Format Version 12.00
# Visual Studio Version 16
VisualStudioVersion = 16.0.31729.503
MinimumVisualStudioVersion = 10.0.40219.1
Project("{FAE04EC0-301F-11D3-BF4B-00C04F79EFBC}") = "FinalTaskCS", "FinalTaskCS\FinalTaskCS.csproj", "{D0DBC402-CB06-416C-8648-953CA720075E}"
EndProject
Global
	GlobalSection(SolutionConfigurationPlatforms) = preSolution
		Debug|Any CPU = Debug|Any CPU
		Release|Any CPU = Release|Any CPU
	EndGlobalSection
	GlobalSection(ProjectConfigurationPlatforms) = postSolution
		{D0DBC402-CB06-416C-8648-953CA720075E}.Debug|Any CPU.ActiveCfg = Debug|Any CPU
		{D0DBC402-CB06-416C-8648-953CA720075E}.Debug|Any CPU.Build.0 = Debug|Any CPU
		{D0DBC402-CB06-416C-8648-953CA720075E}.Release|Any CPU.ActiveCfg = Release|Any CPU
		{D0DBC402-CB06-416C-8648-953CA720075E}.Release|Any CPU.Build.0 = Release|Any CPU
	EndGlobalSection
	GlobalSection(SolutionProperties) = preSolution
		HideSolutionNode = FALSE
	EndGlobalSection
	GlobalSection(ExtensibilityGlobals) = postSolution
		SolutionGuid = {04F4ECB3-86C6-41CB-8F36-1DC191E21C87}
	EndGlobalSection
EndGlobal
